
Microsoft Visual Studio Solution File, Format Version 12.00
# Visual Studio Version 17
VisualStudioVersion = 17.2.32602.215
MinimumVisualStudioVersion = 10.0.40219.1
Project("{FAE04EC0-301F-11D3-BF4B-00C04F79EFBC}") = "InstaSaveFarsiBot", "InstaSaveFarsiBot\InstaSaveFarsiBot.csproj", "{0842B1D0-B8D7-4323-A201-11527D93658D}"
EndProject
Global
	GlobalSection(SolutionConfigurationPlatforms) = preSolution
		Debug|Any CPU = Debug|Any CPU
		Release|Any CPU = Release|Any CPU
	EndGlobalSection
	GlobalSection(ProjectConfigurationPlatforms) = postSolution
		{0842B1D0-B8D7-4323-A201-11527D93658D}.Debug|Any CPU.ActiveCfg = Debug|Any CPU
		{0842B1D0-B8D7-4323-A201-11527D93658D}.Debug|Any CPU.Build.0 = Debug|Any CPU
		{0842B1D0-B8D7-4323-A201-11527D93658D}.Release|Any CPU.ActiveCfg = Release|Any CPU
		{0842B1D0-B8D7-4323-A201-11527D93658D}.Release|Any CPU.Build.0 = Release|Any CPU
	EndGlobalSection
	GlobalSection(SolutionProperties) = preSolution
		HideSolutionNode = FALSE
	EndGlobalSection
	GlobalSection(ExtensibilityGlobals) = postSolution
		SolutionGuid = {60877D9F-6D3E-4D37-813C-D93CBA315D54}
	EndGlobalSection
EndGlobal
